
Microsoft Visual Studio Solution File, Format Version 12.00
# Visual Studio Version 16
VisualStudioVersion = 25.0.1706.10
MinimumVisualStudioVersion = 10.0.40219.1
Project("{FAE04EC0-301F-11D3-BF4B-00C04F79EFBC}") = "ICT3101_Calculator", "ICT3101_Calculator\ICT3101_Calculator.csproj", "{92DAD529-4965-4C8E-939E-6064B1E12F7E}"
EndProject
Project("{FAE04EC0-301F-11D3-BF4B-00C04F79EFBC}") = "ICT3101_Calculator.UnitTests", "ICT3101_Calculator.UnitTests\ICT3101_Calculator.UnitTests.csproj", "{C295CF49-CF48-4ABB-BF1F-C45EC0384F32}"
EndProject
Project("{FAE04EC0-301F-11D3-BF4B-00C04F79EFBC}") = "SpecFlowCalculatorTests", "SpecFlowCalculatorTests\SpecFlowCalculatorTests.csproj", "{99C74EA1-15A8-4EAC-B146-1A94E93BB0DC}"
EndProject
Global
	GlobalSection(SolutionConfigurationPlatforms) = preSolution
		Debug|Any CPU = Debug|Any CPU
		Release|Any CPU = Release|Any CPU
	EndGlobalSection
	GlobalSection(ProjectConfigurationPlatforms) = postSolution
		{92DAD529-4965-4C8E-939E-6064B1E12F7E}.Debug|Any CPU.ActiveCfg = Debug|Any CPU
		{92DAD529-4965-4C8E-939E-6064B1E12F7E}.Debug|Any CPU.Build.0 = Debug|Any CPU
		{92DAD529-4965-4C8E-939E-6064B1E12F7E}.Release|Any CPU.ActiveCfg = Release|Any CPU
		{92DAD529-4965-4C8E-939E-6064B1E12F7E}.Release|Any CPU.Build.0 = Release|Any CPU
		{C295CF49-CF48-4ABB-BF1F-C45EC0384F32}.Debug|Any CPU.ActiveCfg = Debug|Any CPU
		{C295CF49-CF48-4ABB-BF1F-C45EC0384F32}.Debug|Any CPU.Build.0 = Debug|Any CPU
		{C295CF49-CF48-4ABB-BF1F-C45EC0384F32}.Release|Any CPU.ActiveCfg = Release|Any CPU
		{C295CF49-CF48-4ABB-BF1F-C45EC0384F32}.Release|Any CPU.Build.0 = Release|Any CPU
		{99C74EA1-15A8-4EAC-B146-1A94E93BB0DC}.Debug|Any CPU.ActiveCfg = Debug|Any CPU
		{99C74EA1-15A8-4EAC-B146-1A94E93BB0DC}.Debug|Any CPU.Build.0 = Debug|Any CPU
		{99C74EA1-15A8-4EAC-B146-1A94E93BB0DC}.Release|Any CPU.ActiveCfg = Release|Any CPU
		{99C74EA1-15A8-4EAC-B146-1A94E93BB0DC}.Release|Any CPU.Build.0 = Release|Any CPU
	EndGlobalSection
	GlobalSection(SolutionProperties) = preSolution
		HideSolutionNode = FALSE
	EndGlobalSection
	GlobalSection(ExtensibilityGlobals) = postSolution
		SolutionGuid = {B67A9438-5F06-4B81-9285-F83B8E346963}
	EndGlobalSection
EndGlobal
